DEPENDENCIES
  minitest-handler (~> 1.5.0)
  terraform
    path: .
    metadata: true

GRAPH
  ark (4.0.0)
    build-essential (>= 0.0.0)
    seven_zip (>= 0.0.0)
  build-essential (8.1.1)
    mingw (>= 1.1)
    seven_zip (>= 0.0.0)
  chef_handler (1.0.8)
  mingw (2.1.0)
    seven_zip (>= 0.0.0)
  minitest-handler (1.5.0)
    chef_handler (>= 0.0.0)
  seven_zip (3.0.0)
    windows (>= 0.0.0)
  terraform (1.0.3)
    ark (~> 4.0.0)
    build-essential (~> 8.1.1)
  windows (5.0.0)
